
Microsoft Visual Studio Solution File, Format Version 12.00
# Visual Studio 15
VisualStudioVersion = 15.0.28307.489
MinimumVisualStudioVersion = 10.0.40219.1
Project("{9A19103F-16F7-4668-BE54-9A1E7A4F7556}") = "Api", "Api\Api.csproj", "{4AF933C6-67AC-4959-89B3-AD202A637028}"
EndProject
Project("{9A19103F-16F7-4668-BE54-9A1E7A4F7556}") = "Util", "Util\Util.csproj", "{3AEA9161-4C1C-4AB8-84C7-CF86FFBE9B79}"
EndProject
Project("{FAE04EC0-301F-11D3-BF4B-00C04F79EFBC}") = "Tests", "Tests\Tests.csproj", "{4BC68C3B-0E67-44E1-AB30-1FCDA1B645D0}"
EndProject
Global
	GlobalSection(SolutionConfigurationPlatforms) = preSolution
		Debug|Any CPU = Debug|Any CPU
		Release|Any CPU = Release|Any CPU
	EndGlobalSection
	GlobalSection(ProjectConfigurationPlatforms) = postSolution
		{4AF933C6-67AC-4959-89B3-AD202A637028}.Debug|Any CPU.ActiveCfg = Debug|Any CPU
		{4AF933C6-67AC-4959-89B3-AD202A637028}.Debug|Any CPU.Build.0 = Debug|Any CPU
		{4AF933C6-67AC-4959-89B3-AD202A637028}.Release|Any CPU.ActiveCfg = Release|Any CPU
		{4AF933C6-67AC-4959-89B3-AD202A637028}.Release|Any CPU.Build.0 = Release|Any CPU
		{3AEA9161-4C1C-4AB8-84C7-CF86FFBE9B79}.Debug|Any CPU.ActiveCfg = Debug|Any CPU
		{3AEA9161-4C1C-4AB8-84C7-CF86FFBE9B79}.Debug|Any CPU.Build.0 = Debug|Any CPU
		{3AEA9161-4C1C-4AB8-84C7-CF86FFBE9B79}.Release|Any CPU.ActiveCfg = Release|Any CPU
		{3AEA9161-4C1C-4AB8-84C7-CF86FFBE9B79}.Release|Any CPU.Build.0 = Release|Any CPU
		{4BC68C3B-0E67-44E1-AB30-1FCDA1B645D0}.Debug|Any CPU.ActiveCfg = Debug|Any CPU
		{4BC68C3B-0E67-44E1-AB30-1FCDA1B645D0}.Debug|Any CPU.Build.0 = Debug|Any CPU
		{4BC68C3B-0E67-44E1-AB30-1FCDA1B645D0}.Release|Any CPU.ActiveCfg = Release|Any CPU
		{4BC68C3B-0E67-44E1-AB30-1FCDA1B645D0}.Release|Any CPU.Build.0 = Release|Any CPU
	EndGlobalSection
	GlobalSection(SolutionProperties) = preSolution
		HideSolutionNode = FALSE
	EndGlobalSection
	GlobalSection(ExtensibilityGlobals) = postSolution
		SolutionGuid = {EFD4F89B-9B34-4DC8-9530-2DC40D826309}
	EndGlobalSection
EndGlobal
